
Microsoft Visual Studio Solution File, Format Version 12.00
# Visual Studio Version 16
VisualStudioVersion = 16.0.31613.86
MinimumVisualStudioVersion = 10.0.40219.1
Project("{9A19103F-16F7-4668-BE54-9A1E7A4F7556}") = "SemicoClient", "src\SemicoClient.csproj", "{C178D24C-83A4-440E-AAA1-8721DB060CE7}"
EndProject
Project("{FAE04EC0-301F-11D3-BF4B-00C04F79EFBC}") = "SemicoClientWeb", "samples\SemicoClientWeb\SemicoClientWeb.csproj", "{794B39B3-80FC-4742-B13C-28F9346619E4}"
EndProject
Global
	GlobalSection(SolutionConfigurationPlatforms) = preSolution
		Debug|Any CPU = Debug|Any CPU
		Release|Any CPU = Release|Any CPU
	EndGlobalSection
	GlobalSection(ProjectConfigurationPlatforms) = postSolution
		{C178D24C-83A4-440E-AAA1-8721DB060CE7}.Debug|Any CPU.ActiveCfg = Debug|Any CPU
		{C178D24C-83A4-440E-AAA1-8721DB060CE7}.Debug|Any CPU.Build.0 = Debug|Any CPU
		{C178D24C-83A4-440E-AAA1-8721DB060CE7}.Release|Any CPU.ActiveCfg = Release|Any CPU
		{C178D24C-83A4-440E-AAA1-8721DB060CE7}.Release|Any CPU.Build.0 = Release|Any CPU
		{794B39B3-80FC-4742-B13C-28F9346619E4}.Debug|Any CPU.ActiveCfg = Debug|Any CPU
		{794B39B3-80FC-4742-B13C-28F9346619E4}.Debug|Any CPU.Build.0 = Debug|Any CPU
		{794B39B3-80FC-4742-B13C-28F9346619E4}.Release|Any CPU.ActiveCfg = Release|Any CPU
		{794B39B3-80FC-4742-B13C-28F9346619E4}.Release|Any CPU.Build.0 = Release|Any CPU
	EndGlobalSection
	GlobalSection(SolutionProperties) = preSolution
		HideSolutionNode = FALSE
	EndGlobalSection
	GlobalSection(ExtensibilityGlobals) = postSolution
		SolutionGuid = {40B745E2-C806-42D6-81F2-CDE405B1401F}
	EndGlobalSection
EndGlobal
